
Microsoft Visual Studio Solution File, Format Version 12.00
# Visual Studio Version 17
VisualStudioVersion = 17.4.32916.344
MinimumVisualStudioVersion = 10.0.40219.1
Project("{2150E333-8FDC-42A3-9474-1A3956D46DE8}") = "_diagnostic", "_diagnostic", "{811B0419-A80F-47EC-8990-CC2F71458C56}"
EndProject
Project("{2150E333-8FDC-42A3-9474-1A3956D46DE8}") = "_build", "_build", "{A3AEC961-FC2B-4CBE-955B-CB3704C43709}"
EndProject
Project("{2150E333-8FDC-42A3-9474-1A3956D46DE8}") = "_interop", "_interop", "{6C6111FB-6694-4F3F-BE23-C9A9E77ECFE0}"
EndProject
Project("{2150E333-8FDC-42A3-9474-1A3956D46DE8}") = "_hci", "_hci", "{622746AC-D3B0-4BD3-942B-94E98B79B79D}"
EndProject
Project("{2150E333-8FDC-42A3-9474-1A3956D46DE8}") = "_workbench", "_workbench", "{23C59A6E-24D1-4C1E-A793-1D53CD0EEA04}"
EndProject
Project("{9A19103F-16F7-4668-BE54-9A1E7A4F7556}") = "Diagnostic", "Diagnostic\Diagnostic\Diagnostic.csproj", "{F00EE5B0-822E-4696-9F2A-1751AFD38835}"
EndProject
Project("{9A19103F-16F7-4668-BE54-9A1E7A4F7556}") = "Test.Diagnostic", "Diagnostic\Test.Diagnostic\Test.Diagnostic.csproj", "{C1FF9E91-43EF-4483-B083-89CCEBC1862D}"
EndProject
Project("{9A19103F-16F7-4668-BE54-9A1E7A4F7556}") = "OutlookInterop", "Interop\OutlookInterop\OutlookInterop.csproj", "{3A7D8609-71CA-4A7E-9168-5DE07C05114F}"
EndProject
Project("{9A19103F-16F7-4668-BE54-9A1E7A4F7556}") = "WpfApp1", "HCI\WORKBENCH\WpfApp1\WpfApp1.csproj", "{5269A668-14F5-441A-AA28-8497C1FB9D6C}"
EndProject
Project("{9A19103F-16F7-4668-BE54-9A1E7A4F7556}") = "OutlookInboxRuleControls", "HCI\OutlookInboxRuleControls\OutlookInboxRuleControls.csproj", "{2DD26C1E-57F1-4383-8449-5FDC94B6D13E}"
EndProject
Project("{9A19103F-16F7-4668-BE54-9A1E7A4F7556}") = "OutlookInboxRuleViews", "HCI\OutlookInboxRuleViews\OutlookInboxRuleViews.csproj", "{B9B49378-0D25-4CB1-8191-7685A63823D4}"
EndProject
Project("{FAE04EC0-301F-11D3-BF4B-00C04F79EFBC}") = "OutlookInboxRuleApp", "HCI\OutlookInboxRuleApp\OutlookInboxRuleApp.csproj", "{48C30910-4A9C-4BF8-9F7D-530E4C641DFE}"
EndProject
Project("{9A19103F-16F7-4668-BE54-9A1E7A4F7556}") = "OutlookInterop.Tests", "Interop\OutlookInterop.Tests\OutlookInterop.Tests.csproj", "{E1436353-8CB6-413C-BC28-CBBF87AFCF21}"
EndProject
Global
	GlobalSection(SolutionConfigurationPlatforms) = preSolution
		Debug|Any CPU = Debug|Any CPU
		Release|Any CPU = Release|Any CPU
	EndGlobalSection
	GlobalSection(ProjectConfigurationPlatforms) = postSolution
		{F00EE5B0-822E-4696-9F2A-1751AFD38835}.Debug|Any CPU.ActiveCfg = Debug|Any CPU
		{F00EE5B0-822E-4696-9F2A-1751AFD38835}.Debug|Any CPU.Build.0 = Debug|Any CPU
		{F00EE5B0-822E-4696-9F2A-1751AFD38835}.Release|Any CPU.ActiveCfg = Release|Any CPU
		{F00EE5B0-822E-4696-9F2A-1751AFD38835}.Release|Any CPU.Build.0 = Release|Any CPU
		{C1FF9E91-43EF-4483-B083-89CCEBC1862D}.Debug|Any CPU.ActiveCfg = Debug|Any CPU
		{C1FF9E91-43EF-4483-B083-89CCEBC1862D}.Debug|Any CPU.Build.0 = Debug|Any CPU
		{C1FF9E91-43EF-4483-B083-89CCEBC1862D}.Release|Any CPU.ActiveCfg = Release|Any CPU
		{C1FF9E91-43EF-4483-B083-89CCEBC1862D}.Release|Any CPU.Build.0 = Release|Any CPU
		{3A7D8609-71CA-4A7E-9168-5DE07C05114F}.Debug|Any CPU.ActiveCfg = Debug|Any CPU
		{3A7D8609-71CA-4A7E-9168-5DE07C05114F}.Debug|Any CPU.Build.0 = Debug|Any CPU
		{3A7D8609-71CA-4A7E-9168-5DE07C05114F}.Release|Any CPU.ActiveCfg = Release|Any CPU
		{3A7D8609-71CA-4A7E-9168-5DE07C05114F}.Release|Any CPU.Build.0 = Release|Any CPU
		{5269A668-14F5-441A-AA28-8497C1FB9D6C}.Debug|Any CPU.ActiveCfg = Debug|Any CPU
		{5269A668-14F5-441A-AA28-8497C1FB9D6C}.Debug|Any CPU.Build.0 = Debug|Any CPU
		{5269A668-14F5-441A-AA28-8497C1FB9D6C}.Release|Any CPU.ActiveCfg = Release|Any CPU
		{5269A668-14F5-441A-AA28-8497C1FB9D6C}.Release|Any CPU.Build.0 = Release|Any CPU
		{2DD26C1E-57F1-4383-8449-5FDC94B6D13E}.Debug|Any CPU.ActiveCfg = Debug|Any CPU
		{2DD26C1E-57F1-4383-8449-5FDC94B6D13E}.Debug|Any CPU.Build.0 = Debug|Any CPU
		{2DD26C1E-57F1-4383-8449-5FDC94B6D13E}.Release|Any CPU.ActiveCfg = Release|Any CPU
		{2DD26C1E-57F1-4383-8449-5FDC94B6D13E}.Release|Any CPU.Build.0 = Release|Any CPU
		{B9B49378-0D25-4CB1-8191-7685A63823D4}.Debug|Any CPU.ActiveCfg = Debug|Any CPU
		{B9B49378-0D25-4CB1-8191-7685A63823D4}.Debug|Any CPU.Build.0 = Debug|Any CPU
		{B9B49378-0D25-4CB1-8191-7685A63823D4}.Release|Any CPU.ActiveCfg = Release|Any CPU
		{B9B49378-0D25-4CB1-8191-7685A63823D4}.Release|Any CPU.Build.0 = Release|Any CPU
		{48C30910-4A9C-4BF8-9F7D-530E4C641DFE}.Debug|Any CPU.ActiveCfg = Debug|Any CPU
		{48C30910-4A9C-4BF8-9F7D-530E4C641DFE}.Debug|Any CPU.Build.0 = Debug|Any CPU
		{48C30910-4A9C-4BF8-9F7D-530E4C641DFE}.Debug|Any CPU.Deploy.0 = Debug|Any CPU
		{48C30910-4A9C-4BF8-9F7D-530E4C641DFE}.Release|Any CPU.ActiveCfg = Release|Any CPU
		{48C30910-4A9C-4BF8-9F7D-530E4C641DFE}.Release|Any CPU.Build.0 = Release|Any CPU
		{48C30910-4A9C-4BF8-9F7D-530E4C641DFE}.Release|Any CPU.Deploy.0 = Release|Any CPU
		{E1436353-8CB6-413C-BC28-CBBF87AFCF21}.Debug|Any CPU.ActiveCfg = Debug|Any CPU
		{E1436353-8CB6-413C-BC28-CBBF87AFCF21}.Debug|Any CPU.Build.0 = Debug|Any CPU
		{E1436353-8CB6-413C-BC28-CBBF87AFCF21}.Release|Any CPU.ActiveCfg = Release|Any CPU
		{E1436353-8CB6-413C-BC28-CBBF87AFCF21}.Release|Any CPU.Build.0 = Release|Any CPU
	EndGlobalSection
	GlobalSection(SolutionProperties) = preSolution
		HideSolutionNode = FALSE
	EndGlobalSection
	GlobalSection(NestedProjects) = preSolution
		{23C59A6E-24D1-4C1E-A793-1D53CD0EEA04} = {622746AC-D3B0-4BD3-942B-94E98B79B79D}
		{F00EE5B0-822E-4696-9F2A-1751AFD38835} = {811B0419-A80F-47EC-8990-CC2F71458C56}
		{C1FF9E91-43EF-4483-B083-89CCEBC1862D} = {811B0419-A80F-47EC-8990-CC2F71458C56}
		{3A7D8609-71CA-4A7E-9168-5DE07C05114F} = {6C6111FB-6694-4F3F-BE23-C9A9E77ECFE0}
		{5269A668-14F5-441A-AA28-8497C1FB9D6C} = {23C59A6E-24D1-4C1E-A793-1D53CD0EEA04}
		{2DD26C1E-57F1-4383-8449-5FDC94B6D13E} = {622746AC-D3B0-4BD3-942B-94E98B79B79D}
		{B9B49378-0D25-4CB1-8191-7685A63823D4} = {622746AC-D3B0-4BD3-942B-94E98B79B79D}
		{48C30910-4A9C-4BF8-9F7D-530E4C641DFE} = {622746AC-D3B0-4BD3-942B-94E98B79B79D}
		{E1436353-8CB6-413C-BC28-CBBF87AFCF21} = {6C6111FB-6694-4F3F-BE23-C9A9E77ECFE0}
	EndGlobalSection
	GlobalSection(ExtensibilityGlobals) = postSolution
		SolutionGuid = {0B980CB9-C217-48C1-A0F3-774747717811}
	EndGlobalSection
EndGlobal
