
Microsoft Visual Studio Solution File, Format Version 12.00
# Visual Studio Version 17
VisualStudioVersion = 17.0.31903.59
MinimumVisualStudioVersion = 10.0.40219.1
Project("{9A19103F-16F7-4668-BE54-9A1E7A4F7556}") = "OutlookInterop", "HCI\OutlookInterop\OutlookInterop.csproj", "{3CE08384-EFE3-4708-A95E-E022BCEA8C8D}"
EndProject
Project("{9A19103F-16F7-4668-BE54-9A1E7A4F7556}") = "Diagnostic", "Diagnostic\Diagnostic\Diagnostic.csproj", "{D33517A0-776C-48F5-8237-CA05F562C730}"
EndProject
Global
	GlobalSection(SolutionConfigurationPlatforms) = preSolution
		Debug|Any CPU = Debug|Any CPU
		Release|Any CPU = Release|Any CPU
	EndGlobalSection
	GlobalSection(ProjectConfigurationPlatforms) = postSolution
		{3CE08384-EFE3-4708-A95E-E022BCEA8C8D}.Debug|Any CPU.ActiveCfg = Debug|Any CPU
		{3CE08384-EFE3-4708-A95E-E022BCEA8C8D}.Debug|Any CPU.Build.0 = Debug|Any CPU
		{3CE08384-EFE3-4708-A95E-E022BCEA8C8D}.Debug|Any CPU.Deploy.0 = Debug|Any CPU
		{3CE08384-EFE3-4708-A95E-E022BCEA8C8D}.Release|Any CPU.ActiveCfg = Release|Any CPU
		{3CE08384-EFE3-4708-A95E-E022BCEA8C8D}.Release|Any CPU.Build.0 = Release|Any CPU
		{3CE08384-EFE3-4708-A95E-E022BCEA8C8D}.Release|Any CPU.Deploy.0 = Release|Any CPU
		{D33517A0-776C-48F5-8237-CA05F562C730}.Debug|Any CPU.ActiveCfg = Debug|Any CPU
		{D33517A0-776C-48F5-8237-CA05F562C730}.Debug|Any CPU.Build.0 = Debug|Any CPU
		{D33517A0-776C-48F5-8237-CA05F562C730}.Release|Any CPU.ActiveCfg = Release|Any CPU
		{D33517A0-776C-48F5-8237-CA05F562C730}.Release|Any CPU.Build.0 = Release|Any CPU
	EndGlobalSection
	GlobalSection(SolutionProperties) = preSolution
		HideSolutionNode = FALSE
	EndGlobalSection
	GlobalSection(ExtensibilityGlobals) = postSolution
		SolutionGuid = {0B980CB9-C217-48C1-A0F3-774747717811}
	EndGlobalSection
EndGlobal
